
Microsoft Visual Studio Solution File, Format Version 12.00
# Visual Studio Version 17
VisualStudioVersion = 17.11.35312.102
MinimumVisualStudioVersion = 10.0.40219.1
Project("{FAE04EC0-301F-11D3-BF4B-00C04F79EFBC}") = "Ejercicio6_Sem11", "Ejercicio6_Sem11\Ejercicio6_Sem11.csproj", "{A38E1BFA-3097-4B98-8812-E8C3142A2995}"
EndProject
Global
	GlobalSection(SolutionConfigurationPlatforms) = preSolution
		Debug|Any CPU = Debug|Any CPU
		Release|Any CPU = Release|Any CPU
	EndGlobalSection
	GlobalSection(ProjectConfigurationPlatforms) = postSolution
		{A38E1BFA-3097-4B98-8812-E8C3142A2995}.Debug|Any CPU.ActiveCfg = Debug|Any CPU
		{A38E1BFA-3097-4B98-8812-E8C3142A2995}.Debug|Any CPU.Build.0 = Debug|Any CPU
		{A38E1BFA-3097-4B98-8812-E8C3142A2995}.Release|Any CPU.ActiveCfg = Release|Any CPU
		{A38E1BFA-3097-4B98-8812-E8C3142A2995}.Release|Any CPU.Build.0 = Release|Any CPU
	EndGlobalSection
	GlobalSection(SolutionProperties) = preSolution
		HideSolutionNode = FALSE
	EndGlobalSection
	GlobalSection(ExtensibilityGlobals) = postSolution
		SolutionGuid = {6EAB2307-4F78-45EB-85A6-2226E20C6646}
	EndGlobalSection
EndGlobal
